{
  "requires": true,
  "lockfileVersion": 1,
  "dependencies": {
    "JSONStream": {
      "version": "https://registry.npmjs.org/JSONStream/-/JSONStream-1.3.1.tgz",
      "integrity": "sha1-cH92HgHa6eFvG8+TcDt4xwlmV5o=",
      "dev": true,
      "requires": {
        "jsonparse": "https://registry.npmjs.org/jsonparse/-/jsonparse-1.3.1.tgz",
        "through": "https://registry.npmjs.org/through/-/through-2.3.8.tgz"
      }
    },
    "add-stream": {
      "version": "https://registry.npmjs.org/add-stream/-/add-stream-1.0.0.tgz",
      "integrity": "sha1-anmQQ3ynNtXhKI25K9MmbV9csqo=",
      "dev": true
    },
    "align-text": {
      "version": "https://registry.npmjs.org/align-text/-/align-text-0.1.4.tgz",
      "integrity": "sha1-DNkKVhCT810KmSVsIrcGlDP60Rc=",
      "dev": true,
      "requires": {
        "kind-of": "https://registry.npmjs.org/kind-of/-/kind-of-3.2.2.tgz",
        "longest": "https://registry.npmjs.org/longest/-/longest-1.0.1.tgz",
        "repeat-string": "https://registry.npmjs.org/repeat-string/-/repeat-string-1.6.1.tgz"
      }
    },
    "amdefine": {
      "version": "https://registry.npmjs.org/amdefine/-/amdefine-1.0.1.tgz",
      "integrity": "sha1-SlKCrBZHKek2Gbz9OtFR+BfOkfU=",
      "dev": true
    },
    "array-find-index": {
      "version": "https://registry.npmjs.org/array-find-index/-/array-find-index-1.0.2.tgz",
      "integrity": "sha1-3wEKoSh+Fku9pvlyOwqWoexBh6E=",
      "dev": true
    },
    "array-ify": {
      "version": "https://registry.npmjs.org/array-ify/-/array-ify-1.0.0.tgz",
      "integrity": "sha1-nlKHYrSpBmrRY6aWKjZEGOlibs4=",
      "dev": true
    },
    "async": {
      "version": "https://registry.npmjs.org/async/-/async-1.5.2.tgz",
      "integrity": "sha1-7GphrlZIDAw8skHJVhjiCJL5Zyo=",
      "dev": true
    },
    "builtin-modules": {
      "version": "https://registry.npmjs.org/builtin-modules/-/builtin-modules-1.1.1.tgz",
      "integrity": "sha1-Jw8HbFpywC9bZaR9+Uxf46J4iS8=",
      "dev": true
    },
    "camelcase": {
      "version": "https://registry.npmjs.org/camelcase/-/camelcase-2.1.1.tgz",
      "integrity": "sha1-fB0W1nmhu+WcoCys7PsBHiAfWh8=",
      "dev": true
    },
    "camelcase-keys": {
      "version": "https://registry.npmjs.org/camelcase-keys/-/camelcase-keys-2.1.0.tgz",
      "integrity": "sha1-MIvur/3ygRkFHvodkyITyRuPkuc=",
      "dev": true,
      "requires": {
        "camelcase": "https://registry.npmjs.org/camelcase/-/camelcase-2.1.1.tgz",
        "map-obj": "https://registry.npmjs.org/map-obj/-/map-obj-1.0.1.tgz"
      }
    },
    "center-align": {
      "version": "https://registry.npmjs.org/center-align/-/center-align-0.1.3.tgz",
      "integrity": "sha1-qg0yYptu6XIgBBHL1EYckHvCt60=",
      "dev": true,
      "optional": true,
      "requires": {
        "align-text": "https://registry.npmjs.org/align-text/-/align-text-0.1.4.tgz",
        "lazy-cache": "https://registry.npmjs.org/lazy-cache/-/lazy-cache-1.0.4.tgz"
      }
    },
    "cliui": {
      "version": "https://registry.npmjs.org/cliui/-/cliui-2.1.0.tgz",
      "integrity": "sha1-S0dXYP+AJkx2LDoXGQMukcf+oNE=",
      "dev": true,
      "optional": true,
      "requires": {
        "center-align": "https://registry.npmjs.org/center-align/-/center-align-0.1.3.tgz",
        "right-align": "https://registry.npmjs.org/right-align/-/right-align-0.1.3.tgz",
        "wordwrap": "https://registry.npmjs.org/wordwrap/-/wordwrap-0.0.2.tgz"
      },
      "dependencies": {
        "wordwrap": {
          "version": "https://registry.npmjs.org/wordwrap/-/wordwrap-0.0.2.tgz",
          "integrity": "sha1-t5Zpu0LstAn4PVg8rVLKF+qhZD8=",
          "dev": true,
          "optional": true
        }
      }
    },
    "compare-func": {
      "version": "https://registry.npmjs.org/compare-func/-/compare-func-1.3.2.tgz",
      "integrity": "sha1-md0LpFfh+bxyKxLAjsM+6rMfpkg=",
      "dev": true,
      "requires": {
        "array-ify": "https://registry.npmjs.org/array-ify/-/array-ify-1.0.0.tgz",
        "dot-prop": "https://registry.npmjs.org/dot-prop/-/dot-prop-3.0.0.tgz"
      }
    },
    "conventional-changelog": {
      "version": "https://registry.npmjs.org/conventional-changelog/-/conventional-changelog-1.1.6.tgz",
      "integrity": "sha1-69mxq2N2bHFfkD9lRia2scDad2I=",
      "dev": true,
      "requires": {
        "conventional-changelog-angular": "https://registry.npmjs.org/conventional-changelog-angular/-/conventional-changelog-angular-1.5.1.tgz",
        "conventional-changelog-atom": "https://registry.npmjs.org/conventional-changelog-atom/-/conventional-changelog-atom-0.1.1.tgz",
        "conventional-changelog-codemirror": "https://registry.npmjs.org/conventional-changelog-codemirror/-/conventional-changelog-codemirror-0.2.0.tgz",
        "conventional-changelog-core": "https://registry.npmjs.org/conventional-changelog-core/-/conventional-changelog-core-1.9.2.tgz",
        "conventional-changelog-ember": "https://registry.npmjs.org/conventional-changelog-ember/-/conventional-changelog-ember-0.2.8.tgz",
        "conventional-changelog-eslint": "https://registry.npmjs.org/conventional-changelog-eslint/-/conventional-changelog-eslint-0.2.0.tgz",
        "conventional-changelog-express": "https://registry.npmjs.org/conventional-changelog-express/-/conventional-changelog-express-0.2.0.tgz",
        "conventional-changelog-jquery": "https://registry.npmjs.org/conventional-changelog-jquery/-/conventional-changelog-jquery-0.1.0.tgz",
        "conventional-changelog-jscs": "https://registry.npmjs.org/conventional-changelog-jscs/-/conventional-changelog-jscs-0.1.0.tgz",
        "conventional-changelog-jshint": "https://registry.npmjs.org/conventional-changelog-jshint/-/conventional-changelog-jshint-0.2.0.tgz"
      }
    },
    "conventional-changelog-angular": {
      "version": "https://registry.npmjs.org/conventional-changelog-angular/-/conventional-changelog-angular-1.5.1.tgz",
      "integrity": "sha1-l05zqhw5w5LkNk8pUr2aYpBOnqM=",
      "dev": true,
      "requires": {
        "compare-func": "https://registry.npmjs.org/compare-func/-/compare-func-1.3.2.tgz",
        "q": "https://registry.npmjs.org/q/-/q-1.5.0.tgz"
      }
    },
    "conventional-changelog-atom": {
      "version": "https://registry.npmjs.org/conventional-changelog-atom/-/conventional-changelog-atom-0.1.1.tgz",
      "integrity": "sha1-1AqbKXlhtTx0Xl0XGP0aM3n2qS8=",
      "dev": true,
      "requires": {
        "q": "https://registry.npmjs.org/q/-/q-1.5.0.tgz"
      }
    },
    "conventional-changelog-cli": {
      "version": "https://registry.npmjs.org/conventional-changelog-cli/-/conventional-changelog-cli-1.3.4.tgz",
      "integrity": "sha1-OPf/ese8qS6hEIl+oItHPyBVonw=",
      "dev": true,
      "requires": {
        "add-stream": "https://registry.npmjs.org/add-stream/-/add-stream-1.0.0.tgz",
        "conventional-changelog": "https://registry.npmjs.org/conventional-changelog/-/conventional-changelog-1.1.6.tgz",
        "lodash": "https://registry.npmjs.org/lodash/-/lodash-4.17.4.tgz",
        "meow": "https://registry.npmjs.org/meow/-/meow-3.7.0.tgz",
        "tempfile": "https://registry.npmjs.org/tempfile/-/tempfile-1.1.1.tgz"
      }
    },
    "conventional-changelog-codemirror": {
      "version": "https://registry.npmjs.org/conventional-changelog-codemirror/-/conventional-changelog-codemirror-0.2.0.tgz",
      "integrity": "sha1-PMkllV87FEAoJ7FRaASYIZctlFk=",
      "dev": true,
      "requires": {
        "q": "https://registry.npmjs.org/q/-/q-1.5.0.tgz"
      }
    },
    "conventional-changelog-core": {
      "version": "https://registry.npmjs.org/conventional-changelog-core/-/conventional-changelog-core-1.9.2.tgz",
      "integrity": "sha1-oJtrlZFhZx/0W5PMnvsEROfIRcA=",
      "dev": true,
      "requires": {
        "conventional-changelog-writer": "https://registry.npmjs.org/conventional-changelog-writer/-/conventional-changelog-writer-2.0.1.tgz",
        "conventional-commits-parser": "https://registry.npmjs.org/conventional-commits-parser/-/conventional-commits-parser-2.0.0.tgz",
        "dateformat": "https://registry.npmjs.org/dateformat/-/dateformat-1.0.12.tgz",
        "get-pkg-repo": "https://registry.npmjs.org/get-pkg-repo/-/get-pkg-repo-1.4.0.tgz",
        "git-raw-commits": "https://registry.npmjs.org/git-raw-commits/-/git-raw-commits-1.2.0.tgz",
        "git-remote-origin-url": "https://registry.npmjs.org/git-remote-origin-url/-/git-remote-origin-url-2.0.0.tgz",
        "git-semver-tags": "https://registry.npmjs.org/git-semver-tags/-/git-semver-tags-1.2.2.tgz",
        "lodash": "https://registry.npmjs.org/lodash/-/lodash-4.17.4.tgz",
        "normalize-package-data": "https://registry.npmjs.org/normalize-package-data/-/normalize-package-data-2.4.0.tgz",
        "q": "https://registry.npmjs.org/q/-/q-1.5.0.tgz",
        "read-pkg": "https://registry.npmjs.org/read-pkg/-/read-pkg-1.1.0.tgz",
        "read-pkg-up": "https://registry.npmjs.org/read-pkg-up/-/read-pkg-up-1.0.1.tgz",
        "through2": "https://registry.npmjs.org/through2/-/through2-2.0.3.tgz"
      }
    },
    "conventional-changelog-ember": {
      "version": "https://registry.npmjs.org/conventional-changelog-ember/-/conventional-changelog-ember-0.2.8.tgz",
      "integrity": "sha1-ZeaG2oPSO2cTPR+FOQjIf5SANcA=",
      "dev": true,
      "requires": {
        "q": "https://registry.npmjs.org/q/-/q-1.5.0.tgz"
      }
    },
    "conventional-changelog-eslint": {
      "version": "https://registry.npmjs.org/conventional-changelog-eslint/-/conventional-changelog-eslint-0.2.0.tgz",
      "integrity": "sha1-tLm13AlBeETYfHvPsWvcxobEscE=",
      "dev": true,
      "requires": {
        "q": "https://registry.npmjs.org/q/-/q-1.5.0.tgz"
      }
    },
    "conventional-changelog-express": {
      "version": "https://registry.npmjs.org/conventional-changelog-express/-/conventional-changelog-express-0.2.0.tgz",
      "integrity": "sha1-jWZq1BsQ6/lkpGAgYt3S4A3rUY0=",
      "dev": true,
      "requires": {
        "q": "https://registry.npmjs.org/q/-/q-1.5.0.tgz"
      }
    },
    "conventional-changelog-jquery": {
      "version": "https://registry.npmjs.org/conventional-changelog-jquery/-/conventional-changelog-jquery-0.1.0.tgz",
      "integrity": "sha1-Agg5cWLjhGmG5xJztsecW1+A9RA=",
      "dev": true,
      "requires": {
        "q": "https://registry.npmjs.org/q/-/q-1.5.0.tgz"
      }
    },
    "conventional-changelog-jscs": {
      "version": "https://registry.npmjs.org/conventional-changelog-jscs/-/conventional-changelog-jscs-0.1.0.tgz",
      "integrity": "sha1-BHnrRDzH1yxYvwvPDvHURKkvDlw=",
      "dev": true,
      "requires": {
        "q": "https://registry.npmjs.org/q/-/q-1.5.0.tgz"
      }
    },
    "conventional-changelog-jshint": {
      "version": "https://registry.npmjs.org/conventional-changelog-jshint/-/conventional-changelog-jshint-0.2.0.tgz",
      "integrity": "sha1-Y6167GbNGuVZuv6ANIxGV6brGHI=",
      "dev": true,
      "requires": {
        "compare-func": "https://registry.npmjs.org/compare-func/-/compare-func-1.3.2.tgz",
        "q": "https://registry.npmjs.org/q/-/q-1.5.0.tgz"
      }
    },
    "conventional-changelog-writer": {
      "version": "https://registry.npmjs.org/conventional-changelog-writer/-/conventional-changelog-writer-2.0.1.tgz",
      "integrity": "sha1-R8END6ulJreNGUOJ0ekx0J7mI3I=",
      "dev": true,
      "requires": {
        "compare-func": "https://registry.npmjs.org/compare-func/-/compare-func-1.3.2.tgz",
        "conventional-commits-filter": "https://registry.npmjs.org/conventional-commits-filter/-/conventional-commits-filter-1.0.0.tgz",
        "dateformat": "https://registry.npmjs.org/dateformat/-/dateformat-1.0.12.tgz",
        "handlebars": "https://registry.npmjs.org/handlebars/-/handlebars-4.0.10.tgz",
        "json-stringify-safe": "https://registry.npmjs.org/json-stringify-safe/-/json-stringify-safe-5.0.1.tgz",
        "lodash": "https://registry.npmjs.org/lodash/-/lodash-4.17.4.tgz",
        "meow": "https://registry.npmjs.org/meow/-/meow-3.7.0.tgz",
        "semver": "https://registry.npmjs.org/semver/-/semver-5.4.1.tgz",
        "split": "https://registry.npmjs.org/split/-/split-1.0.1.tgz",
        "through2": "https://registry.npmjs.org/through2/-/through2-2.0.3.tgz"
      }
    },
    "conventional-commits-filter": {
      "version": "https://registry.npmjs.org/conventional-commits-filter/-/conventional-commits-filter-1.0.0.tgz",
      "integrity": "sha1-b8KmWTcrw/IznPn//34bA0S5MDk=",
      "dev": true,
      "requires": {
        "is-subset": "https://registry.npmjs.org/is-subset/-/is-subset-0.1.1.tgz",
        "modify-values": "https://registry.npmjs.org/modify-values/-/modify-values-1.0.0.tgz"
      }
    },
    "conventional-commits-parser": {
      "version": "https://registry.npmjs.org/conventional-commits-parser/-/conventional-commits-parser-2.0.0.tgz",
      "integrity": "sha1-cdAZEMsKma6yDBROUPgfTfMXhEc=",
      "dev": true,
      "requires": {
        "JSONStream": "https://registry.npmjs.org/JSONStream/-/JSONStream-1.3.1.tgz",
        "is-text-path": "https://registry.npmjs.org/is-text-path/-/is-text-path-1.0.1.tgz",
        "lodash": "https://registry.npmjs.org/lodash/-/lodash-4.17.4.tgz",
        "meow": "https://registry.npmjs.org/meow/-/meow-3.7.0.tgz",
        "split2": "https://registry.npmjs.org/split2/-/split2-2.2.0.tgz",
        "through2": "https://registry.npmjs.org/through2/-/through2-2.0.3.tgz",
        "trim-off-newlines": "https://registry.npmjs.org/trim-off-newlines/-/trim-off-newlines-1.0.1.tgz"
      }
    },
    "core-util-is": {
      "version": "https://registry.npmjs.org/core-util-is/-/core-util-is-1.0.2.tgz",
      "integrity": "sha1-tf1UIgqivFq1eqtxQMlAdUUDwac=",
      "dev": true
    },
    "currently-unhandled": {
      "version": "https://registry.npmjs.org/currently-unhandled/-/currently-unhandled-0.4.1.tgz",
      "integrity": "sha1-mI3zP+qxke95mmE2nddsF635V+o=",
      "dev": true,
      "requires": {
        "array-find-index": "https://registry.npmjs.org/array-find-index/-/array-find-index-1.0.2.tgz"
      }
    },
    "dargs": {
      "version": "https://registry.npmjs.org/dargs/-/dargs-4.1.0.tgz",
      "integrity": "sha1-A6nbtLXC8Tm/FK5T8LiipqhvThc=",
      "dev": true,
      "requires": {
        "number-is-nan": "https://registry.npmjs.org/number-is-nan/-/number-is-nan-1.0.1.tgz"
      }
    },
    "dateformat": {
      "version": "https://registry.npmjs.org/dateformat/-/dateformat-1.0.12.tgz",
      "integrity": "sha1-nxJLZ1lMk3/3BpMuSmQsyo27/uk=",
      "dev": true,
      "requires": {
        "get-stdin": "https://registry.npmjs.org/get-stdin/-/get-stdin-4.0.1.tgz",
        "meow": "https://registry.npmjs.org/meow/-/meow-3.7.0.tgz"
      }
    },
    "decamelize": {
      "version": "https://registry.npmjs.org/decamelize/-/decamelize-1.2.0.tgz",
      "integrity": "sha1-9lNNFRSCabIDUue+4m9QH5oZEpA=",
      "dev": true
    },
    "dot-prop": {
      "version": "https://registry.npmjs.org/dot-prop/-/dot-prop-3.0.0.tgz",
      "integrity": "sha1-G3CK8JSknJoOfbyteQq6U52sEXc=",
      "dev": true,
      "requires": {
        "is-obj": "https://registry.npmjs.org/is-obj/-/is-obj-1.0.1.tgz"
      }
    },
    "error-ex": {
      "version": "https://registry.npmjs.org/error-ex/-/error-ex-1.3.1.tgz",
      "integrity": "sha1-+FWobOYa3E6GIcPNoh56dhLDqNw=",
      "dev": true,
      "requires": {
        "is-arrayish": "https://registry.npmjs.org/is-arrayish/-/is-arrayish-0.2.1.tgz"
      }
    },
    "find-up": {
      "version": "https://registry.npmjs.org/find-up/-/find-up-1.1.2.tgz",
      "integrity": "sha1-ay6YIrGizgpgq2TWEOzK1TyyTQ8=",
      "dev": true,
      "requires": {
        "path-exists": "https://registry.npmjs.org/path-exists/-/path-exists-2.1.0.tgz",
        "pinkie-promise": "https://registry.npmjs.org/pinkie-promise/-/pinkie-promise-2.0.1.tgz"
      }
    },
    "get-pkg-repo": {
      "version": "https://registry.npmjs.org/get-pkg-repo/-/get-pkg-repo-1.4.0.tgz",
      "integrity": "sha1-xztInAbYDMVTbCyFP54FIyBWly0=",
      "dev": true,
      "requires": {
        "hosted-git-info": "https://registry.npmjs.org/hosted-git-info/-/hosted-git-info-2.5.0.tgz",
        "meow": "https://registry.npmjs.org/meow/-/meow-3.7.0.tgz",
        "normalize-package-data": "https://registry.npmjs.org/normalize-package-data/-/normalize-package-data-2.4.0.tgz",
        "parse-github-repo-url": "https://registry.npmjs.org/parse-github-repo-url/-/parse-github-repo-url-1.4.1.tgz",
        "through2": "https://registry.npmjs.org/through2/-/through2-2.0.3.tgz"
      }
    },
    "get-stdin": {
      "version": "https://registry.npmjs.org/get-stdin/-/get-stdin-4.0.1.tgz",
      "integrity": "sha1-uWjGsKBDhDJJAui/Gl3zJXmkUP4=",
      "dev": true
    },
    "git-raw-commits": {
      "version": "https://registry.npmjs.org/git-raw-commits/-/git-raw-commits-1.2.0.tgz",
      "integrity": "sha1-DzqL/ZmuDy2LkiTViJKXXppS0Dw=",
      "dev": true,
      "requires": {
        "dargs": "https://registry.npmjs.org/dargs/-/dargs-4.1.0.tgz",
        "lodash.template": "https://registry.npmjs.org/lodash.template/-/lodash.template-4.4.0.tgz",
        "meow": "https://registry.npmjs.org/meow/-/meow-3.7.0.tgz",
        "split2": "https://registry.npmjs.org/split2/-/split2-2.2.0.tgz",
        "through2": "https://registry.npmjs.org/through2/-/through2-2.0.3.tgz"
      }
    },
    "git-remote-origin-url": {
      "version": "https://registry.npmjs.org/git-remote-origin-url/-/git-remote-origin-url-2.0.0.tgz",
      "integrity": "sha1-UoJlna4hBxRaERJhEq0yFuxfpl8=",
      "dev": true,
      "requires": {
        "gitconfiglocal": "https://registry.npmjs.org/gitconfiglocal/-/gitconfiglocal-1.0.0.tgz",
        "pify": "https://registry.npmjs.org/pify/-/pify-2.3.0.tgz"
      }
    },
    "git-semver-tags": {
      "version": "https://registry.npmjs.org/git-semver-tags/-/git-semver-tags-1.2.2.tgz",
      "integrity": "sha1-ohOb4b9uM34SXz64u4/G9dTWRF8=",
      "dev": true,
      "requires": {
        "meow": "https://registry.npmjs.org/meow/-/meow-3.7.0.tgz",
        "semver": "https://registry.npmjs.org/semver/-/semver-5.4.1.tgz"
      }
    },
    "gitconfiglocal": {
      "version": "https://registry.npmjs.org/gitconfiglocal/-/gitconfiglocal-1.0.0.tgz",
      "integrity": "sha1-QdBF84UaXqiPA/JMocYXgRRGS5s=",
      "dev": true,
      "requires": {
        "ini": "https://registry.npmjs.org/ini/-/ini-1.3.4.tgz"
      }
    },
    "graceful-fs": {
      "version": "https://registry.npmjs.org/graceful-fs/-/graceful-fs-4.1.11.tgz",
      "integrity": "sha1-Dovf5NHduIVNZOBOp8AOKgJuVlg=",
      "dev": true
    },
    "handlebars": {
      "version": "https://registry.npmjs.org/handlebars/-/handlebars-4.0.10.tgz",
      "integrity": "sha1-PTDHGLCaPZbyPqTMH0A8TTup/08=",
      "dev": true,
      "requires": {
        "async": "https://registry.npmjs.org/async/-/async-1.5.2.tgz",
        "optimist": "https://registry.npmjs.org/optimist/-/optimist-0.6.1.tgz",
        "source-map": "https://registry.npmjs.org/source-map/-/source-map-0.4.4.tgz",
        "uglify-js": "https://registry.npmjs.org/uglify-js/-/uglify-js-2.8.29.tgz"
      }
    },
    "hosted-git-info": {
      "version": "https://registry.npmjs.org/hosted-git-info/-/hosted-git-info-2.5.0.tgz",
      "integrity": "sha1-bWDjSzq7yDEwYsO3mO+NkBoHrzw=",
      "dev": true
    },
    "indent-string": {
      "version": "https://registry.npmjs.org/indent-string/-/indent-string-2.1.0.tgz",
      "integrity": "sha1-ji1INIdCEhtKghi3oTfppSBJ3IA=",
      "dev": true,
      "requires": {
        "repeating": "https://registry.npmjs.org/repeating/-/repeating-2.0.1.tgz"
      }
    },
    "inherits": {
      "version": "https://registry.npmjs.org/inherits/-/inherits-2.0.3.tgz",
      "integrity": "sha1-Yzwsg+PaQqUC9SRmAiSA9CCCYd4=",
      "dev": true
    },
    "ini": {
      "version": "https://registry.npmjs.org/ini/-/ini-1.3.4.tgz",
      "integrity": "sha1-BTfLedr1m1mhpRff9wbIbsA5Fi4=",
      "dev": true
    },
    "is-arrayish": {
      "version": "https://registry.npmjs.org/is-arrayish/-/is-arrayish-0.2.1.tgz",
      "integrity": "sha1-d8mYQFJ6qOyxqLppe4BkWnqSap0=",
      "dev": true
    },
    "is-buffer": {
      "version": "https://registry.npmjs.org/is-buffer/-/is-buffer-1.1.5.tgz",
      "integrity": "sha1-Hzsm72E7IUuIy8ojzGwB2Hlh7sw=",
      "dev": true
    },
    "is-builtin-module": {
      "version": "https://registry.npmjs.org/is-builtin-module/-/is-builtin-module-1.0.0.tgz",
      "integrity": "sha1-VAVy0096wxGfj3bDDLwbHgN6/74=",
      "dev": true,
      "requires": {
        "builtin-modules": "https://registry.npmjs.org/builtin-modules/-/builtin-modules-1.1.1.tgz"
      }
    },
    "is-finite": {
      "version": "https://registry.npmjs.org/is-finite/-/is-finite-1.0.2.tgz",
      "integrity": "sha1-zGZ3aVYCvlUO8R6LSqYwU0K20Ko=",
      "dev": true,
      "requires": {
        "number-is-nan": "https://registry.npmjs.org/number-is-nan/-/number-is-nan-1.0.1.tgz"
      }
    },
    "is-obj": {
      "version": "https://registry.npmjs.org/is-obj/-/is-obj-1.0.1.tgz",
      "integrity": "sha1-PkcprB9f3gJc19g6iW2rn09n2w8=",
      "dev": true
    },
    "is-subset": {
      "version": "https://registry.npmjs.org/is-subset/-/is-subset-0.1.1.tgz",
      "integrity": "sha1-ilkRfZMt4d4A8kX83TnOQ/HpOaY=",
      "dev": true
    },
    "is-text-path": {
      "version": "https://registry.npmjs.org/is-text-path/-/is-text-path-1.0.1.tgz",
      "integrity": "sha1-Thqg+1G/vLPpJogAE5cgLBd1tm4=",
      "dev": true,
      "requires": {
        "text-extensions": "https://registry.npmjs.org/text-extensions/-/text-extensions-1.7.0.tgz"
      }
    },
    "is-utf8": {
      "version": "https://registry.npmjs.org/is-utf8/-/is-utf8-0.2.1.tgz",
      "integrity": "sha1-Sw2hRCEE0bM2NA6AeX6GXPOffXI=",
      "dev": true
    },
    "isarray": {
      "version": "https://registry.npmjs.org/isarray/-/isarray-1.0.0.tgz",
      "integrity": "sha1-u5NdSFgsuhaMBoNJV6VKPgcSTxE=",
      "dev": true
    },
    "json-stringify-safe": {
      "version": "https://registry.npmjs.org/json-stringify-safe/-/json-stringify-safe-5.0.1.tgz",
      "integrity": "sha1-Epai1Y/UXxmg9s4B1lcB4sc1tus=",
      "dev": true
    },
    "jsonparse": {
      "version": "https://registry.npmjs.org/jsonparse/-/jsonparse-1.3.1.tgz",
      "integrity": "sha1-P02uSpH6wxX3EGL4UhzCOfE2YoA=",
      "dev": true
    },
    "kind-of": {
      "version": "https://registry.npmjs.org/kind-of/-/kind-of-3.2.2.tgz",
      "integrity": "sha1-MeohpzS6ubuw8yRm2JOupR5KPGQ=",
      "dev": true,
      "requires": {
        "is-buffer": "https://registry.npmjs.org/is-buffer/-/is-buffer-1.1.5.tgz"
      }
    },
    "lazy-cache": {
      "version": "https://registry.npmjs.org/lazy-cache/-/lazy-cache-1.0.4.tgz",
      "integrity": "sha1-odePw6UEdMuAhF07O24dpJpEbo4=",
      "dev": true,
      "optional": true
    },
    "load-json-file": {
      "version": "https://registry.npmjs.org/load-json-file/-/load-json-file-1.1.0.tgz",
      "integrity": "sha1-lWkFcI1YtLq0wiYbBPWfMcmTdMA=",
      "dev": true,
      "requires": {
        "graceful-fs": "https://registry.npmjs.org/graceful-fs/-/graceful-fs-4.1.11.tgz",
        "parse-json": "https://registry.npmjs.org/parse-json/-/parse-json-2.2.0.tgz",
        "pify": "https://registry.npmjs.org/pify/-/pify-2.3.0.tgz",
        "pinkie-promise": "https://registry.npmjs.org/pinkie-promise/-/pinkie-promise-2.0.1.tgz",
        "strip-bom": "https://registry.npmjs.org/strip-bom/-/strip-bom-2.0.0.tgz"
      }
    },
    "lodash": {
      "version": "https://registry.npmjs.org/lodash/-/lodash-4.17.4.tgz",
      "integrity": "sha1-eCA6TRwyiuHYbcpkYONptX9AVa4=",
      "dev": true
    },
    "lodash._reinterpolate": {
      "version": "https://registry.npmjs.org/lodash._reinterpolate/-/lodash._reinterpolate-3.0.0.tgz",
      "integrity": "sha1-DM8tiRZq8Ds2Y8eWU4t1rG4RTZ0=",
      "dev": true
    },
    "lodash.template": {
      "version": "https://registry.npmjs.org/lodash.template/-/lodash.template-4.4.0.tgz",
      "integrity": "sha1-5zoDhcg1VZF0bgILmWecaQ5o+6A=",
      "dev": true,
      "requires": {
        "lodash._reinterpolate": "https://registry.npmjs.org/lodash._reinterpolate/-/lodash._reinterpolate-3.0.0.tgz",
        "lodash.templatesettings": "https://registry.npmjs.org/lodash.templatesettings/-/lodash.templatesettings-4.1.0.tgz"
      }
    },
    "lodash.templatesettings": {
      "version": "https://registry.npmjs.org/lodash.templatesettings/-/lodash.templatesettings-4.1.0.tgz",
      "integrity": "sha1-K01OlbpEDZFf8IvImeRVNmZxMxY=",
      "dev": true,
      "requires": {
        "lodash._reinterpolate": "https://registry.npmjs.org/lodash._reinterpolate/-/lodash._reinterpolate-3.0.0.tgz"
      }
    },
    "longest": {
      "version": "https://registry.npmjs.org/longest/-/longest-1.0.1.tgz",
      "integrity": "sha1-MKCy2jj3N3DoKUoNIuZiXtd9AJc=",
      "dev": true
    },
    "loud-rejection": {
      "version": "https://registry.npmjs.org/loud-rejection/-/loud-rejection-1.6.0.tgz",
      "integrity": "sha1-W0b4AUft7leIcPCG0Eghz5mOVR8=",
      "dev": true,
      "requires": {
        "currently-unhandled": "https://registry.npmjs.org/currently-unhandled/-/currently-unhandled-0.4.1.tgz",
        "signal-exit": "https://registry.npmjs.org/signal-exit/-/signal-exit-3.0.2.tgz"
      }
    },
    "map-obj": {
      "version": "https://registry.npmjs.org/map-obj/-/map-obj-1.0.1.tgz",
      "integrity": "sha1-2TPOuSBdgr3PSIb2dCvcK03qFG0=",
      "dev": true
    },
    "meow": {
      "version": "https://registry.npmjs.org/meow/-/meow-3.7.0.tgz",
      "integrity": "sha1-cstmi0JSKCkKu/qFaJJYcwioAfs=",
      "dev": true,
      "requires": {
        "camelcase-keys": "https://registry.npmjs.org/camelcase-keys/-/camelcase-keys-2.1.0.tgz",
        "decamelize": "https://registry.npmjs.org/decamelize/-/decamelize-1.2.0.tgz",
        "loud-rejection": "https://registry.npmjs.org/loud-rejection/-/loud-rejection-1.6.0.tgz",
        "map-obj": "https://registry.npmjs.org/map-obj/-/map-obj-1.0.1.tgz",
        "minimist": "https://registry.npmjs.org/minimist/-/minimist-1.2.0.tgz",
        "normalize-package-data": "https://registry.npmjs.org/normalize-package-data/-/normalize-package-data-2.4.0.tgz",
        "object-assign": "https://registry.npmjs.org/object-assign/-/object-assign-4.1.1.tgz",
        "read-pkg-up": "https://registry.npmjs.org/read-pkg-up/-/read-pkg-up-1.0.1.tgz",
        "redent": "https://registry.npmjs.org/redent/-/redent-1.0.0.tgz",
        "trim-newlines": "https://registry.npmjs.org/trim-newlines/-/trim-newlines-1.0.0.tgz"
      }
    },
    "minimist": {
      "version": "https://registry.npmjs.org/minimist/-/minimist-1.2.0.tgz",
      "integrity": "sha1-o1AIsg9BOD7sH7kU9M1d95omQoQ=",
      "dev": true
    },
    "modify-values": {
      "version": "https://registry.npmjs.org/modify-values/-/modify-values-1.0.0.tgz",
      "integrity": "sha1-4rbN65zhn5kxelNyLz2/XfXqqrI=",
      "dev": true
    },
    "normalize-package-data": {
      "version": "https://registry.npmjs.org/normalize-package-data/-/normalize-package-data-2.4.0.tgz",
      "integrity": "sha1-EvlaMH1YNSB1oEkHuErIvpisAS8=",
      "dev": true,
      "requires": {
        "hosted-git-info": "https://registry.npmjs.org/hosted-git-info/-/hosted-git-info-2.5.0.tgz",
        "is-builtin-module": "https://registry.npmjs.org/is-builtin-module/-/is-builtin-module-1.0.0.tgz",
        "semver": "https://registry.npmjs.org/semver/-/semver-5.4.1.tgz",
        "validate-npm-package-license": "https://registry.npmjs.org/validate-npm-package-license/-/validate-npm-package-license-3.0.1.tgz"
      }
    },
    "number-is-nan": {
      "version": "https://registry.npmjs.org/number-is-nan/-/number-is-nan-1.0.1.tgz",
      "integrity": "sha1-CXtgK1NCKlIsGvuHkDGDNpQaAR0=",
      "dev": true
    },
    "object-assign": {
      "version": "https://registry.npmjs.org/object-assign/-/object-assign-4.1.1.tgz",
      "integrity": "sha1-IQmtx5ZYh8/AXLvUQsrIv7s2CGM=",
      "dev": true
    },
    "optimist": {
      "version": "https://registry.npmjs.org/optimist/-/optimist-0.6.1.tgz",
      "integrity": "sha1-2j6nRob6IaGaERwybpDrFaAZZoY=",
      "dev": true,
      "requires": {
        "minimist": "https://registry.npmjs.org/minimist/-/minimist-0.0.10.tgz",
        "wordwrap": "https://registry.npmjs.org/wordwrap/-/wordwrap-0.0.3.tgz"
      },
      "dependencies": {
        "minimist": {
          "version": "https://registry.npmjs.org/minimist/-/minimist-0.0.10.tgz",
          "integrity": "sha1-3j+YVD2/lggr5IrRoMfNqDYwHc8=",
          "dev": true
        }
      }
    },
    "os-tmpdir": {
      "version": "https://registry.npmjs.org/os-tmpdir/-/os-tmpdir-1.0.2.tgz",
      "integrity": "sha1-u+Z0BseaqFxc/sdm/lc0VV36EnQ=",
      "dev": true
    },
    "parse-github-repo-url": {
      "version": "https://registry.npmjs.org/parse-github-repo-url/-/parse-github-repo-url-1.4.1.tgz",
      "integrity": "sha1-nn2LslKmy2ukJZUGC3v23z28H1A=",
      "dev": true
    },
    "parse-json": {
      "version": "https://registry.npmjs.org/parse-json/-/parse-json-2.2.0.tgz",
      "integrity": "sha1-9ID0BDTvgHQfhGkJn43qGPVaTck=",
      "dev": true,
      "requires": {
        "error-ex": "https://registry.npmjs.org/error-ex/-/error-ex-1.3.1.tgz"
      }
    },
    "path-exists": {
      "version": "https://registry.npmjs.org/path-exists/-/path-exists-2.1.0.tgz",
      "integrity": "sha1-D+tsZPD8UY2adU3V77YscCJ2H0s=",
      "dev": true,
      "requires": {
        "pinkie-promise": "https://registry.npmjs.org/pinkie-promise/-/pinkie-promise-2.0.1.tgz"
      }
    },
    "path-type": {
      "version": "https://registry.npmjs.org/path-type/-/path-type-1.1.0.tgz",
      "integrity": "sha1-WcRPfuSR2nBNpBXaWkBwuk+P5EE=",
      "dev": true,
      "requires": {
        "graceful-fs": "https://registry.npmjs.org/graceful-fs/-/graceful-fs-4.1.11.tgz",
        "pify": "https://registry.npmjs.org/pify/-/pify-2.3.0.tgz",
        "pinkie-promise": "https://registry.npmjs.org/pinkie-promise/-/pinkie-promise-2.0.1.tgz"
      }
    },
    "pify": {
      "version": "https://registry.npmjs.org/pify/-/pify-2.3.0.tgz",
      "integrity": "sha1-7RQaasBDqEnqWISY59yosVMw6Qw=",
      "dev": true
    },
    "pinkie": {
      "version": "https://registry.npmjs.org/pinkie/-/pinkie-2.0.4.tgz",
      "integrity": "sha1-clVrgM+g1IqXToDnckjoDtT3+HA=",
      "dev": true
    },
    "pinkie-promise": {
      "version": "https://registry.npmjs.org/pinkie-promise/-/pinkie-promise-2.0.1.tgz",
      "integrity": "sha1-ITXW36ejWMBprJsXh3YogihFD/o=",
      "dev": true,
      "requires": {
        "pinkie": "https://registry.npmjs.org/pinkie/-/pinkie-2.0.4.tgz"
      }
    },
    "process-nextick-args": {
      "version": "https://registry.npmjs.org/process-nextick-args/-/process-nextick-args-1.0.7.tgz",
      "integrity": "sha1-FQ4gt1ZZCtP5EJPyWk8q2L/zC6M=",
      "dev": true
    },
    "q": {
      "version": "https://registry.npmjs.org/q/-/q-1.5.0.tgz",
      "integrity": "sha1-3QG6ydBtMObyGa7LglPunr3DCPE=",
      "dev": true
    },
    "read-pkg": {
      "version": "https://registry.npmjs.org/read-pkg/-/read-pkg-1.1.0.tgz",
      "integrity": "sha1-9f+qXs0pyzHAR0vKfXVra7KePyg=",
      "dev": true,
      "requires": {
        "load-json-file": "https://registry.npmjs.org/load-json-file/-/load-json-file-1.1.0.tgz",
        "normalize-package-data": "https://registry.npmjs.org/normalize-package-data/-/normalize-package-data-2.4.0.tgz",
        "path-type": "https://registry.npmjs.org/path-type/-/path-type-1.1.0.tgz"
      }
    },
    "read-pkg-up": {
      "version": "https://registry.npmjs.org/read-pkg-up/-/read-pkg-up-1.0.1.tgz",
      "integrity": "sha1-nWPBMnbAZZGNV/ACpX9AobZD+wI=",
      "dev": true,
      "requires": {
        "find-up": "https://registry.npmjs.org/find-up/-/find-up-1.1.2.tgz",
        "read-pkg": "https://registry.npmjs.org/read-pkg/-/read-pkg-1.1.0.tgz"
      }
    },
    "readable-stream": {
      "version": "https://registry.npmjs.org/readable-stream/-/readable-stream-2.3.3.tgz",
      "integrity": "sha1-No8lEtefnUb9/HE0mueHi7weuVw=",
      "dev": true,
      "requires": {
        "core-util-is": "https://registry.npmjs.org/core-util-is/-/core-util-is-1.0.2.tgz",
        "inherits": "https://registry.npmjs.org/inherits/-/inherits-2.0.3.tgz",
        "isarray": "https://registry.npmjs.org/isarray/-/isarray-1.0.0.tgz",
        "process-nextick-args": "https://registry.npmjs.org/process-nextick-args/-/process-nextick-args-1.0.7.tgz",
        "safe-buffer": "https://registry.npmjs.org/safe-buffer/-/safe-buffer-5.1.1.tgz",
        "string_decoder": "https://registry.npmjs.org/string_decoder/-/string_decoder-1.0.3.tgz",
        "util-deprecate": "https://registry.npmjs.org/util-deprecate/-/util-deprecate-1.0.2.tgz"
      }
    },
    "redent": {
      "version": "https://registry.npmjs.org/redent/-/redent-1.0.0.tgz",
      "integrity": "sha1-z5Fqsf1fHxbfsggi3W7H9zDCr94=",
      "dev": true,
      "requires": {
        "indent-string": "https://registry.npmjs.org/indent-string/-/indent-string-2.1.0.tgz",
        "strip-indent": "https://registry.npmjs.org/strip-indent/-/strip-indent-1.0.1.tgz"
      }
    },
    "repeat-string": {
      "version": "https://registry.npmjs.org/repeat-string/-/repeat-string-1.6.1.tgz",
      "integrity": "sha1-jcrkcOHIirwtYA//Sndihtp15jc=",
      "dev": true
    },
    "repeating": {
      "version": "https://registry.npmjs.org/repeating/-/repeating-2.0.1.tgz",
      "integrity": "sha1-UhTFOpJtNVJwdSf7q0FdvAjQbdo=",
      "dev": true,
      "requires": {
        "is-finite": "https://registry.npmjs.org/is-finite/-/is-finite-1.0.2.tgz"
      }
    },
    "right-align": {
      "version": "https://registry.npmjs.org/right-align/-/right-align-0.1.3.tgz",
      "integrity": "sha1-YTObci/mo1FWiSENJOFMlhSGE+8=",
      "dev": true,
      "optional": true,
      "requires": {
        "align-text": "https://registry.npmjs.org/align-text/-/align-text-0.1.4.tgz"
      }
    },
    "safe-buffer": {
      "version": "https://registry.npmjs.org/safe-buffer/-/safe-buffer-5.1.1.tgz",
      "integrity": "sha1-iTMSr2myEj3vcfV4iQAWce6yyFM=",
      "dev": true
    },
    "semver": {
      "version": "https://registry.npmjs.org/semver/-/semver-5.4.1.tgz",
      "integrity": "sha1-4FnAnYVx8FQII3M0M1BdOi8AsY4=",
      "dev": true
    },
    "signal-exit": {
      "version": "https://registry.npmjs.org/signal-exit/-/signal-exit-3.0.2.tgz",
      "integrity": "sha1-tf3AjxKH6hF4Yo5BXiUTK3NkbG0=",
      "dev": true
    },
    "source-map": {
      "version": "https://registry.npmjs.org/source-map/-/source-map-0.4.4.tgz",
      "integrity": "sha1-66T12pwNyZneaAMti092FzZSA2s=",
      "dev": true,
      "requires": {
        "amdefine": "https://registry.npmjs.org/amdefine/-/amdefine-1.0.1.tgz"
      }
    },
    "spdx-correct": {
      "version": "https://registry.npmjs.org/spdx-correct/-/spdx-correct-1.0.2.tgz",
      "integrity": "sha1-SzBz2TP/UfORLwOsVRlJikFQ20A=",
      "dev": true,
      "requires": {
        "spdx-license-ids": "https://registry.npmjs.org/spdx-license-ids/-/spdx-license-ids-1.2.2.tgz"
      }
    },
    "spdx-expression-parse": {
      "version": "https://registry.npmjs.org/spdx-expression-parse/-/spdx-expression-parse-1.0.4.tgz",
      "integrity": "sha1-m98vIOH0DtRH++JzJmGR/O1RYmw=",
      "dev": true
    },
    "spdx-license-ids": {
      "version": "https://registry.npmjs.org/spdx-license-ids/-/spdx-license-ids-1.2.2.tgz",
      "integrity": "sha1-yd96NCRZSt5r0RkA1ZZpbcBrrFc=",
      "dev": true
    },
    "split": {
      "version": "https://registry.npmjs.org/split/-/split-1.0.1.tgz",
      "integrity": "sha1-YFvZvjA6pZ+zX5Ip++oN3snqB9k=",
      "dev": true,
      "requires": {
        "through": "https://registry.npmjs.org/through/-/through-2.3.8.tgz"
      }
    },
    "split2": {
      "version": "https://registry.npmjs.org/split2/-/split2-2.2.0.tgz",
      "integrity": "sha1-GGsldbz4PoW30YRldWI47k7kJJM=",
      "dev": true,
      "requires": {
        "through2": "https://registry.npmjs.org/through2/-/through2-2.0.3.tgz"
      }
    },
    "string_decoder": {
      "version": "https://registry.npmjs.org/string_decoder/-/string_decoder-1.0.3.tgz",
      "integrity": "sha1-D8Z9fBQYJd6UKC3VNr7GubzoYKs=",
      "dev": true,
      "requires": {
        "safe-buffer": "https://registry.npmjs.org/safe-buffer/-/safe-buffer-5.1.1.tgz"
      }
    },
    "strip-bom": {
      "version": "https://registry.npmjs.org/strip-bom/-/strip-bom-2.0.0.tgz",
      "integrity": "sha1-YhmoVhZSBJHzV4i9vxRHqZx+aw4=",
      "dev": true,
      "requires": {
        "is-utf8": "https://registry.npmjs.org/is-utf8/-/is-utf8-0.2.1.tgz"
      }
    },
    "strip-indent": {
      "version": "https://registry.npmjs.org/strip-indent/-/strip-indent-1.0.1.tgz",
      "integrity": "sha1-DHlipq3vp7vUrDZkYKY4VSrhoKI=",
      "dev": true,
      "requires": {
        "get-stdin": "https://registry.npmjs.org/get-stdin/-/get-stdin-4.0.1.tgz"
      }
    },
    "tempfile": {
      "version": "https://registry.npmjs.org/tempfile/-/tempfile-1.1.1.tgz",
      "integrity": "sha1-W8xOrsxKsscH2LwR2ZzMmiyyh/I=",
      "dev": true,
      "requires": {
        "os-tmpdir": "https://registry.npmjs.org/os-tmpdir/-/os-tmpdir-1.0.2.tgz",
        "uuid": "https://registry.npmjs.org/uuid/-/uuid-2.0.3.tgz"
      }
    },
    "text-extensions": {
      "version": "https://registry.npmjs.org/text-extensions/-/text-extensions-1.7.0.tgz",
      "integrity": "sha1-+qq6JiXtdG1WiiPk0KrNm/CKizk=",
      "dev": true
    },
    "through": {
      "version": "https://registry.npmjs.org/through/-/through-2.3.8.tgz",
      "integrity": "sha1-DdTJ/6q8NXlgsbckEV1+Doai4fU=",
      "dev": true
    },
    "through2": {
      "version": "https://registry.npmjs.org/through2/-/through2-2.0.3.tgz",
      "integrity": "sha1-AARWmzfHx0ujnEPzzteNGtlBQL4=",
      "dev": true,
      "requires": {
        "readable-stream": "https://registry.npmjs.org/readable-stream/-/readable-stream-2.3.3.tgz",
        "xtend": "https://registry.npmjs.org/xtend/-/xtend-4.0.1.tgz"
      }
    },
    "toml": {
      "version": "https://registry.npmjs.org/toml/-/toml-2.3.3.tgz",
      "integrity": "sha1-jWg9cpV3yyhiMd/HqK/+WNMXKPs=",
      "dev": true
    },
    "trim-newlines": {
      "version": "https://registry.npmjs.org/trim-newlines/-/trim-newlines-1.0.0.tgz",
      "integrity": "sha1-WIeWa7WCpFA6QetST301ARgVphM=",
      "dev": true
    },
    "trim-off-newlines": {
      "version": "https://registry.npmjs.org/trim-off-newlines/-/trim-off-newlines-1.0.1.tgz",
      "integrity": "sha1-n5up2e+odkw4dpi8v+sshI8RrbM=",
      "dev": true
    },
    "uglify-js": {
      "version": "https://registry.npmjs.org/uglify-js/-/uglify-js-2.8.29.tgz",
      "integrity": "sha1-KcVzMUgFe7Th913zW3qcty5qWd0=",
      "dev": true,
      "optional": true,
      "requires": {
        "source-map": "https://registry.npmjs.org/source-map/-/source-map-0.5.7.tgz",
        "uglify-to-browserify": "https://registry.npmjs.org/uglify-to-browserify/-/uglify-to-browserify-1.0.2.tgz",
        "yargs": "https://registry.npmjs.org/yargs/-/yargs-3.10.0.tgz"
      },
      "dependencies": {
        "source-map": {
          "version": "https://registry.npmjs.org/source-map/-/source-map-0.5.7.tgz",
          "integrity": "sha1-igOdLRAh0i0eoUyA2OpGi6LvP8w=",
          "dev": true,
          "optional": true
        }
      }
    },
    "uglify-to-browserify": {
      "version": "https://registry.npmjs.org/uglify-to-browserify/-/uglify-to-browserify-1.0.2.tgz",
      "integrity": "sha1-bgkk1r2mta/jSeOabWMoUKD4grc=",
      "dev": true,
      "optional": true
    },
    "util-deprecate": {
      "version": "https://registry.npmjs.org/util-deprecate/-/util-deprecate-1.0.2.tgz",
      "integrity": "sha1-RQ1Nyfpw3nMnYvvS1KKJgUGaDM8=",
      "dev": true
    },
    "uuid": {
      "version": "https://registry.npmjs.org/uuid/-/uuid-2.0.3.tgz",
      "integrity": "sha1-Z+LoY3lyFVMN/zGOW/nc6/1Hsho=",
      "dev": true
    },
    "validate-npm-package-license": {
      "version": "https://registry.npmjs.org/validate-npm-package-license/-/validate-npm-package-license-3.0.1.tgz",
      "integrity": "sha1-KAS6vnEq0zeUWaz74kdGqywwP7w=",
      "dev": true,
      "requires": {
        "spdx-correct": "https://registry.npmjs.org/spdx-correct/-/spdx-correct-1.0.2.tgz",
        "spdx-expression-parse": "https://registry.npmjs.org/spdx-expression-parse/-/spdx-expression-parse-1.0.4.tgz"
      }
    },
    "window-size": {
      "version": "https://registry.npmjs.org/window-size/-/window-size-0.1.0.tgz",
      "integrity": "sha1-VDjNLqk7IC76Ohn+iIeu58lPnJ0=",
      "dev": true,
      "optional": true
    },
    "wordwrap": {
      "version": "https://registry.npmjs.org/wordwrap/-/wordwrap-0.0.3.tgz",
      "integrity": "sha1-o9XabNXAvAAI03I0u68b7WMFkQc=",
      "dev": true
    },
    "xtend": {
      "version": "https://registry.npmjs.org/xtend/-/xtend-4.0.1.tgz",
      "integrity": "sha1-pcbVMr5lbiPbgg77lDofBJmNY68=",
      "dev": true
    },
    "yargs": {
      "version": "https://registry.npmjs.org/yargs/-/yargs-3.10.0.tgz",
      "integrity": "sha1-9+572FfdfB0tOMDnTvvWgdFDH9E=",
      "dev": true,
      "optional": true,
      "requires": {
        "camelcase": "https://registry.npmjs.org/camelcase/-/camelcase-1.2.1.tgz",
        "cliui": "https://registry.npmjs.org/cliui/-/cliui-2.1.0.tgz",
        "decamelize": "https://registry.npmjs.org/decamelize/-/decamelize-1.2.0.tgz",
        "window-size": "https://registry.npmjs.org/window-size/-/window-size-0.1.0.tgz"
      },
      "dependencies": {
        "camelcase": {
          "version": "https://registry.npmjs.org/camelcase/-/camelcase-1.2.1.tgz",
          "integrity": "sha1-m7UwTS4LVmmLLHWLCKPqqdqlijk=",
          "dev": true,
          "optional": true
        }
      }
    }
  }
}
